lockfileVersion: '9.0'

settings:
  autoInstallPeers: true
  excludeLinksFromLockfile: false

importers:

  .:
    devDependencies:
      turbo:
        specifier: ^2.3.0
        version: 2.8.4
      typescript:
        specifier: ^5.7.0
        version: 5.9.3

  packages/tsconfig: {}

packages:

  turbo-darwin-64@2.8.4:
    resolution: {integrity: sha512-xVkkgQMRyLdKodZ0NU0lkjcLDm7J9R0zDNY61H4K38F94ZuspjeM1zaVB9HNM/7m4/7QvAPrvO/vCBr2qWmKKg==}
    cpu: [x64]
    os: [darwin]

  turbo-darwin-arm64@2.8.4:
    resolution: {integrity: sha512-ycg5jmWIV9hFScbb7bOhBc0A8jiKfOdP5SAige6FUJDnSTkL29qpLIZxcE5/J/5NNys7hVifHocDCT08ELcJ5Q==}
    cpu: [arm64]
    os: [darwin]

  turbo-linux-64@2.8.4:
    resolution: {integrity: sha512-RzH0bTRRCobvBs6mLxporuF/L2MhPJlYZ/rwfzMfwWX/TnNYUcOROgNqHIH6MK4eBAjQ7YliBDrstHnFrO8C7A==}
    cpu: [x64]
    os: [linux]

  turbo-linux-arm64@2.8.4:
    resolution: {integrity: sha512-7HPdZjqZqq/3eg16oQMmEguZLrl4BGGVlXNpiy2mIhNjXheJjtSJ7rvgnpxMHXAFsaOPytSEkvgydB2qsYtM3g==}
    cpu: [arm64]
    os: [linux]

  turbo-windows-64@2.8.4:
    resolution: {integrity: sha512-cKo42yFeEixPz3rljG4rSHTjCLsNSxdS3HUDen5CpoyXu+eGxAeO50wUnGIzvkXRRLJTkG9rhIITNdqUzlrijA==}
    cpu: [x64]
    os: [win32]

  turbo-windows-arm64@2.8.4:
    resolution: {integrity: sha512-9g6P11SIIQSRlDqwd9QITR82hPeUjHenSYVsULrK7X57x+dmQIAkenZahSaMRDts9fRQygF5xBMoH0uZGwUvoA==}
    cpu: [arm64]
    os: [win32]

  turbo@2.8.4:
    resolution: {integrity: sha512-yf0DFQBoR0DCOg11pYRAX5/CvXwTUwJsIFTHTOpHbUy3GnEpGBfE5E4440nmn8g6FpXXpy8Im2UEpmmv0fz67g==}
    hasBin: true

  typescript@5.9.3:
    resolution: {integrity: sha512-jl1vZzPDinLr9eUt3J/t7V6FgNEw9QjvBPdysz9KfQDD41fQrC2Y4vKQdiaUpFT4bXlb1RHhLpp8wtm6M5TgSw==}
    engines: {node: '>=14.17'}
    hasBin: true

snapshots:

  turbo-darwin-64@2.8.4:
    optional: true

  turbo-darwin-arm64@2.8.4:
    optional: true

  turbo-linux-64@2.8.4:
    optional: true

  turbo-linux-arm64@2.8.4:
    optional: true

  turbo-windows-64@2.8.4:
    optional: true

  turbo-windows-arm64@2.8.4:
    optional: true

  turbo@2.8.4:
    optionalDependencies:
      turbo-darwin-64: 2.8.4
      turbo-darwin-arm64: 2.8.4
      turbo-linux-64: 2.8.4
      turbo-linux-arm64: 2.8.4
      turbo-windows-64: 2.8.4
      turbo-windows-arm64: 2.8.4

  typescript@5.9.3: {}
